{
  "name": "TS",
  "version": "1.0.0",
  "lockfileVersion": 1,
  "requires": true,
  "dependencies": {
    "flow-bin": {
      "version": "0.152.0",
      "resolved": "https://registry.nlark.com/flow-bin/download/flow-bin-0.152.0.tgz",
      "integrity": "sha1-aYDQzVj1nprv1YCxEQmh1W66RrE=",
      "dev": true
    }
  }
}
