# THIS IS AN AUTOGENERATED FILE. DO NOT EDIT THIS FILE DIRECTLY.
# yarn lockfile v1


flow-bin@^0.152.0:
  version "0.152.0"
  resolved "https://registry.nlark.com/flow-bin/download/flow-bin-0.152.0.tgz#6980d0cd58f59e9aefd580b11109a1d56eba46b1"
  integrity sha1-aYDQzVj1nprv1YCxEQmh1W66RrE=

flow-parser@^0.152.0:
  version "0.152.0"
  resolved "https://registry.nlark.com/flow-parser/download/flow-parser-0.152.0.tgz#a627aec1fdcfa243e2016469e44284a98169b996"
  integrity sha1-pieuwf3PokPiAWRp5EKEqYFpuZY=

flow-remove-types@^2.152.0:
  version "2.152.0"
  resolved "https://registry.nlark.com/flow-remove-types/download/flow-remove-types-2.152.0.tgz#f7a3a084371ccd728ed363c04536cc3216cac8d0"
  integrity sha1-96OghDcczXKO02PARTbMMhbKyNA=
  dependencies:
    flow-parser "^0.152.0"
    pirates "^3.0.2"
    vlq "^0.2.1"

node-modules-regexp@^1.0.0:
  version "1.0.0"
  resolved "https://registry.npm.taobao.org/node-modules-regexp/download/node-modules-regexp-1.0.0.tgz#8d9dbe28964a4ac5712e9131642107c71e90ec40"
  integrity sha1-jZ2+KJZKSsVxLpExZCEHxx6Q7EA=

pirates@^3.0.2:
  version "3.0.2"
  resolved "https://registry.npm.taobao.org/pirates/download/pirates-3.0.2.tgz#7e6f85413fd9161ab4e12b539b06010d85954bb9"
  integrity sha1-fm+FQT/ZFhq04StTmwYBDYWVS7k=
  dependencies:
    node-modules-regexp "^1.0.0"

vlq@^0.2.1:
  version "0.2.3"
  resolved "https://registry.npm.taobao.org/vlq/download/vlq-0.2.3.tgz#8f3e4328cf63b1540c0d67e1b2778386f8975b26"
  integrity sha1-jz5DKM9jsVQMDWfhsneDhviXWyY=
